
Microsoft Visual Studio Solution File, Format Version 12.00
# Visual Studio Version 17
VisualStudioVersion = 17.12.35527.113 d17.12
MinimumVisualStudioVersion = 10.0.40219.1
Project("{FAE04EC0-301F-11D3-BF4B-00C04F79EFBC}") = "ProductCatalogAPI", "ProductCatalogAPI\ProductCatalogAPI.csproj", "{7A4A00B7-0827-4742-B2C5-61BD2E49FF83}"
EndProject
Project("{FAE04EC0-301F-11D3-BF4B-00C04F79EFBC}") = "Contracts", "Contracts\Contracts.csproj", "{F32D1172-943F-471C-AC02-39C9E5A6E40A}"
EndProject
Project("{FAE04EC0-301F-11D3-BF4B-00C04F79EFBC}") = "Entities", "Entities\Entities.csproj", "{8E95A807-BA68-4B51-8FEC-C075928A2417}"
EndProject
Project("{FAE04EC0-301F-11D3-BF4B-00C04F79EFBC}") = "ProductCatalogAPI.Presentation", "ProductCatalogAPI.Presentation\ProductCatalogAPI.Presentation.csproj", "{BE48912C-151F-4A0A-A85F-FD1BD6DD1461}"
EndProject
Project("{FAE04EC0-301F-11D3-BF4B-00C04F79EFBC}") = "LoggerService", "LoggerService\LoggerService.csproj", "{F2B460BF-2731-4D9B-9C40-877BA3D64E0A}"
EndProject
Project("{FAE04EC0-301F-11D3-BF4B-00C04F79EFBC}") = "Repository", "Repository\Repository.csproj", "{9E09CD60-C64C-45C2-AE37-082FD3BAEBB9}"
EndProject
Project("{FAE04EC0-301F-11D3-BF4B-00C04F79EFBC}") = "Service", "Service\Service.csproj", "{F65394F0-5903-4E8A-8196-023978BACE04}"
EndProject
Project("{FAE04EC0-301F-11D3-BF4B-00C04F79EFBC}") = "Service.Contracts", "Service.Contracts\Service.Contracts.csproj", "{72275B3E-88E0-4EAB-8D51-792C8A95D588}"
EndProject
Project("{FAE04EC0-301F-11D3-BF4B-00C04F79EFBC}") = "Shared", "Shared\Shared.csproj", "{F6B36DA4-F0C3-40BB-A444-A727F644D14D}"
EndProject
Global
	GlobalSection(SolutionConfigurationPlatforms) = preSolution
		Debug|Any CPU = Debug|Any CPU
		Release|Any CPU = Release|Any CPU
	EndGlobalSection
	GlobalSection(ProjectConfigurationPlatforms) = postSolution
		{7A4A00B7-0827-4742-B2C5-61BD2E49FF83}.Debug|Any CPU.ActiveCfg = Debug|Any CPU
		{7A4A00B7-0827-4742-B2C5-61BD2E49FF83}.Debug|Any CPU.Build.0 = Debug|Any CPU
		{7A4A00B7-0827-4742-B2C5-61BD2E49FF83}.Release|Any CPU.ActiveCfg = Release|Any CPU
		{7A4A00B7-0827-4742-B2C5-61BD2E49FF83}.Release|Any CPU.Build.0 = Release|Any CPU
		{F32D1172-943F-471C-AC02-39C9E5A6E40A}.Debug|Any CPU.ActiveCfg = Debug|Any CPU
		{F32D1172-943F-471C-AC02-39C9E5A6E40A}.Debug|Any CPU.Build.0 = Debug|Any CPU
		{F32D1172-943F-471C-AC02-39C9E5A6E40A}.Release|Any CPU.ActiveCfg = Release|Any CPU
		{F32D1172-943F-471C-AC02-39C9E5A6E40A}.Release|Any CPU.Build.0 = Release|Any CPU
		{8E95A807-BA68-4B51-8FEC-C075928A2417}.Debug|Any CPU.ActiveCfg = Debug|Any CPU
		{8E95A807-BA68-4B51-8FEC-C075928A2417}.Debug|Any CPU.Build.0 = Debug|Any CPU
		{8E95A807-BA68-4B51-8FEC-C075928A2417}.Release|Any CPU.ActiveCfg = Release|Any CPU
		{8E95A807-BA68-4B51-8FEC-C075928A2417}.Release|Any CPU.Build.0 = Release|Any CPU
		{BE48912C-151F-4A0A-A85F-FD1BD6DD1461}.Debug|Any CPU.ActiveCfg = Debug|Any CPU
		{BE48912C-151F-4A0A-A85F-FD1BD6DD1461}.Debug|Any CPU.Build.0 = Debug|Any CPU
		{BE48912C-151F-4A0A-A85F-FD1BD6DD1461}.Release|Any CPU.ActiveCfg = Release|Any CPU
		{BE48912C-151F-4A0A-A85F-FD1BD6DD1461}.Release|Any CPU.Build.0 = Release|Any CPU
		{F2B460BF-2731-4D9B-9C40-877BA3D64E0A}.Debug|Any CPU.ActiveCfg = Debug|Any CPU
		{F2B460BF-2731-4D9B-9C40-877BA3D64E0A}.Debug|Any CPU.Build.0 = Debug|Any CPU
		{F2B460BF-2731-4D9B-9C40-877BA3D64E0A}.Release|Any CPU.ActiveCfg = Release|Any CPU
		{F2B460BF-2731-4D9B-9C40-877BA3D64E0A}.Release|Any CPU.Build.0 = Release|Any CPU
		{9E09CD60-C64C-45C2-AE37-082FD3BAEBB9}.Debug|Any CPU.ActiveCfg = Debug|Any CPU
		{9E09CD60-C64C-45C2-AE37-082FD3BAEBB9}.Debug|Any CPU.Build.0 = Debug|Any CPU
		{9E09CD60-C64C-45C2-AE37-082FD3BAEBB9}.Release|Any CPU.ActiveCfg = Release|Any CPU
		{9E09CD60-C64C-45C2-AE37-082FD3BAEBB9}.Release|Any CPU.Build.0 = Release|Any CPU
		{F65394F0-5903-4E8A-8196-023978BACE04}.Debug|Any CPU.ActiveCfg = Debug|Any CPU
		{F65394F0-5903-4E8A-8196-023978BACE04}.Debug|Any CPU.Build.0 = Debug|Any CPU
		{F65394F0-5903-4E8A-8196-023978BACE04}.Release|Any CPU.ActiveCfg = Release|Any CPU
		{F65394F0-5903-4E8A-8196-023978BACE04}.Release|Any CPU.Build.0 = Release|Any CPU
		{72275B3E-88E0-4EAB-8D51-792C8A95D588}.Debug|Any CPU.ActiveCfg = Debug|Any CPU
		{72275B3E-88E0-4EAB-8D51-792C8A95D588}.Debug|Any CPU.Build.0 = Debug|Any CPU
		{72275B3E-88E0-4EAB-8D51-792C8A95D588}.Release|Any CPU.ActiveCfg = Release|Any CPU
		{72275B3E-88E0-4EAB-8D51-792C8A95D588}.Release|Any CPU.Build.0 = Release|Any CPU
		{F6B36DA4-F0C3-40BB-A444-A727F644D14D}.Debug|Any CPU.ActiveCfg = Debug|Any CPU
		{F6B36DA4-F0C3-40BB-A444-A727F644D14D}.Debug|Any CPU.Build.0 = Debug|Any CPU
		{F6B36DA4-F0C3-40BB-A444-A727F644D14D}.Release|Any CPU.ActiveCfg = Release|Any CPU
		{F6B36DA4-F0C3-40BB-A444-A727F644D14D}.Release|Any CPU.Build.0 = Release|Any CPU
	EndGlobalSection
	GlobalSection(SolutionProperties) = preSolution
		HideSolutionNode = FALSE
	EndGlobalSection
EndGlobal
